
Microsoft Visual Studio Solution File, Format Version 12.00
# Visual Studio 15
VisualStudioVersion = 15.0.28307.572
MinimumVisualStudioVersion = 10.0.40219.1
Project("{FAE04EC0-301F-11D3-BF4B-00C04F79EFBC}") = "PrimeNumberGenerator", "PrimeNumberGenerator\PrimeNumberGenerator.csproj", "{3721A72B-FA90-4188-BE80-4C0F6A27EFD1}"
EndProject
Global
	GlobalSection(SolutionConfigurationPlatforms) = preSolution
		Debug|Any CPU = Debug|Any CPU
		Release|Any CPU = Release|Any CPU
	EndGlobalSection
	GlobalSection(ProjectConfigurationPlatforms) = postSolution
		{3721A72B-FA90-4188-BE80-4C0F6A27EFD1}.Debug|Any CPU.ActiveCfg = Debug|Any CPU
		{3721A72B-FA90-4188-BE80-4C0F6A27EFD1}.Debug|Any CPU.Build.0 = Debug|Any CPU
		{3721A72B-FA90-4188-BE80-4C0F6A27EFD1}.Release|Any CPU.ActiveCfg = Release|Any CPU
		{3721A72B-FA90-4188-BE80-4C0F6A27EFD1}.Release|Any CPU.Build.0 = Release|Any CPU
	EndGlobalSection
	GlobalSection(SolutionProperties) = preSolution
		HideSolutionNode = FALSE
	EndGlobalSection
	GlobalSection(ExtensibilityGlobals) = postSolution
		SolutionGuid = {E77B7907-2754-4BEE-AA96-F6C4C9D68918}
	EndGlobalSection
EndGlobal
